{
  "name": "2ddraw",
  "lockfileVersion": 3,
  "requires": true,
  "packages": {
    "": {
      "dependencies": {
        "@types/wicg-file-system-access": "^2023.10.5",
        "idb-keyval": "^6.2.1",
        "idbhelp": "^1.0.0",
        "kleinui": "^0.0.2"
      }
    },
    "node_modules/@types/wicg-file-system-access": {
      "version": "2023.10.5",
      "resolved": "https://registry.npmjs.org/@types/wicg-file-system-access/-/wicg-file-system-access-2023.10.5.tgz",
      "integrity": "sha512-e9kZO9kCdLqT2h9Tw38oGv9UNzBBWaR1MzuAavxPcsV/7FJ3tWbU6RI3uB+yKIDPGLkGVbplS52ub0AcRLvrhA==",
      "license": "MIT"
    },
    "node_modules/idb-keyval": {
      "version": "6.2.1",
      "resolved": "https://registry.npmjs.org/idb-keyval/-/idb-keyval-6.2.1.tgz",
      "integrity": "sha512-8Sb3veuYCyrZL+VBt9LJfZjLUPWVvqn8tG28VqYNFCo43KHcKuq+b4EiXGeuaLAQWL2YmyDgMp2aSpH9JHsEQg==",
      "license": "Apache-2.0"
    },
    "node_modules/idbhelp": {
      "version": "1.0.0",
      "resolved": "https://registry.npmjs.org/idbhelp/-/idbhelp-1.0.0.tgz",
      "integrity": "sha512-mGZx6GXMs7PwA6+oiw08KvGnRKQmAoimY62x79KsmuTvl7mVQDY39OouAxLiJNPlsRki/MBDJSmeI3QNAa8c8A==",
      "license": "ISC"
    },
    "node_modules/kleinui": {
      "version": "0.0.2",
      "resolved": "https://registry.npmjs.org/kleinui/-/kleinui-0.0.2.tgz",
      "integrity": "sha512-9dOnFCbj47simeiCWCxXesd8OazUcHDegYy0azaASmcl3rbtwdk8Ismar/dmn51IBduaebyZXXAa4TM3NCzzDA=="
    }
  }
}
